
Microsoft Visual Studio Solution File, Format Version 12.00
# Visual Studio Version 17
VisualStudioVersion = 17.3.32825.248
MinimumVisualStudioVersion = 10.0.40219.1
Project("{9A19103F-16F7-4668-BE54-9A1E7A4F7556}") = "00Test", "00Test\00Test.csproj", "{053F5575-82C5-400D-9CF0-B1EDE4F88A0E}"
EndProject
Project("{9A19103F-16F7-4668-BE54-9A1E7A4F7556}") = "01NullableDatatypes", "01NullableDatatypes\01NullableDatatypes.csproj", "{CBD5BD13-9C15-4147-9B6D-A7A00101462A}"
EndProject
Project("{9A19103F-16F7-4668-BE54-9A1E7A4F7556}") = "02CallByValueAndCallByReference", "02CallByValueAndCallByReference\02CallByValueAndCallByReference.csproj", "{5454DD98-A7A7-4EC0-B837-363BDD9B3DE9}"
EndProject
Project("{9A19103F-16F7-4668-BE54-9A1E7A4F7556}") = "03TryParse", "03TryParse\03TryParse.csproj", "{33EC9D24-403F-4BDA-91E5-C87942015CAB}"
EndProject
Project("{9A19103F-16F7-4668-BE54-9A1E7A4F7556}") = "04Enums", "04Enums\04Enums.csproj", "{229FFBDE-201F-4C74-B723-A95A3FAF01F3}"
EndProject
Project("{2150E333-8FDC-42A3-9474-1A3956D46DE8}") = "Schulübung", "Schulübung", "{6AAAFAC5-AABD-4955-A6A1-7B82F22418EC}"
EndProject
Project("{2150E333-8FDC-42A3-9474-1A3956D46DE8}") = "Hausübung", "Hausübung", "{469A345E-05FB-425E-9E86-71C08481D5C9}"
EndProject
Project("{9A19103F-16F7-4668-BE54-9A1E7A4F7556}") = "HUE01", "HUE01\HUE01.csproj", "{F9FF4700-BEE2-4FFE-BCFB-7615E8CEA68B}"
EndProject
Project("{9A19103F-16F7-4668-BE54-9A1E7A4F7556}") = "05Delegates", "05Delegates\05Delegates.csproj", "{6D58D8A7-69D7-4AEB-BC74-D477136091B3}"
EndProject
Project("{9A19103F-16F7-4668-BE54-9A1E7A4F7556}") = "06Calculator", "06Calculator\06Calculator.csproj", "{76306C93-6270-43A2-B165-17DBB36DE4C2}"
EndProject
Project("{9A19103F-16F7-4668-BE54-9A1E7A4F7556}") = "07Events", "07Events\07Events.csproj", "{52B8D171-591A-4A95-A5EB-A9BB87C0A487}"
EndProject
Project("{9A19103F-16F7-4668-BE54-9A1E7A4F7556}") = "HUE02", "HUE02\HUE02.csproj", "{73F3BB55-5ABE-43DB-A8D6-3205E608072D}"
EndProject
Project("{9A19103F-16F7-4668-BE54-9A1E7A4F7556}") = "11Interfaces", "11Interfaces\11Interfaces.csproj", "{5260C1C7-D29D-417D-A25A-FFBBF267639D}"
EndProject
Project("{9A19103F-16F7-4668-BE54-9A1E7A4F7556}") = "1.2LastNameChanged", "1.2LastNameChanged\1.2LastNameChanged.csproj", "{7ED80DB3-339B-40A6-AAA1-C23CA980CC8E}"
EndProject
Project("{9A19103F-16F7-4668-BE54-9A1E7A4F7556}") = "HUE03", "HUE03\HUE03.csproj", "{516C9F95-394B-413F-AEDA-A5E532BFF710}"
EndProject
Project("{9A19103F-16F7-4668-BE54-9A1E7A4F7556}") = "08FuncAction", "08FuncAction\08FuncAction.csproj", "{BA279850-2B59-4F43-93DC-E853EC6EE5CA}"
EndProject
Project("{9A19103F-16F7-4668-BE54-9A1E7A4F7556}") = "09LambdaExpressions", "09LambdaExpressions\09LambdaExpressions.csproj", "{124C9E20-C12F-4100-9729-D6FDD2EDA0A9}"
EndProject
Project("{9A19103F-16F7-4668-BE54-9A1E7A4F7556}") = "10TimerEventWithLambda", "10TimerEventWithLambda\10TimerEventWithLambda.csproj", "{CEA3143C-0F6E-4058-91F3-7A84B29D80C2}"
EndProject
Project("{2150E333-8FDC-42A3-9474-1A3956D46DE8}") = "Test", "Test", "{77ED1D81-18A2-4ABD-BF5F-D68F5F2575ED}"
EndProject
Project("{9A19103F-16F7-4668-BE54-9A1E7A4F7556}") = "1.1Vollmond", "1.1Vollmond\1.1Vollmond.csproj", "{C5D9C2B6-1646-43C0-BC2C-0725CAC76074}"
EndProject
Project("{9A19103F-16F7-4668-BE54-9A1E7A4F7556}") = "00DateTime", "00DateTime\00DateTime.csproj", "{59191A4F-4C37-4A92-9389-176EDE91B27B}"
EndProject
Project("{9A19103F-16F7-4668-BE54-9A1E7A4F7556}") = "12IComparable", "12ICompareable\12IComparable.csproj", "{DE461354-C3D4-4193-A338-4423AE07D142}"
EndProject
Project("{9A19103F-16F7-4668-BE54-9A1E7A4F7556}") = "13DownloadClient", "13DownloadClient\13DownloadClient.csproj", "{1046A28D-76D5-4CC7-86F6-875518F4D181}"
EndProject
Global
	GlobalSection(SolutionConfigurationPlatforms) = preSolution
		Debug|Any CPU = Debug|Any CPU
		Release|Any CPU = Release|Any CPU
	EndGlobalSection
	GlobalSection(ProjectConfigurationPlatforms) = postSolution
		{053F5575-82C5-400D-9CF0-B1EDE4F88A0E}.Debug|Any CPU.ActiveCfg = Debug|Any CPU
		{053F5575-82C5-400D-9CF0-B1EDE4F88A0E}.Debug|Any CPU.Build.0 = Debug|Any CPU
		{053F5575-82C5-400D-9CF0-B1EDE4F88A0E}.Release|Any CPU.ActiveCfg = Release|Any CPU
		{053F5575-82C5-400D-9CF0-B1EDE4F88A0E}.Release|Any CPU.Build.0 = Release|Any CPU
		{CBD5BD13-9C15-4147-9B6D-A7A00101462A}.Debug|Any CPU.ActiveCfg = Debug|Any CPU
		{CBD5BD13-9C15-4147-9B6D-A7A00101462A}.Debug|Any CPU.Build.0 = Debug|Any CPU
		{CBD5BD13-9C15-4147-9B6D-A7A00101462A}.Release|Any CPU.ActiveCfg = Release|Any CPU
		{CBD5BD13-9C15-4147-9B6D-A7A00101462A}.Release|Any CPU.Build.0 = Release|Any CPU
		{5454DD98-A7A7-4EC0-B837-363BDD9B3DE9}.Debug|Any CPU.ActiveCfg = Debug|Any CPU
		{5454DD98-A7A7-4EC0-B837-363BDD9B3DE9}.Debug|Any CPU.Build.0 = Debug|Any CPU
		{5454DD98-A7A7-4EC0-B837-363BDD9B3DE9}.Release|Any CPU.ActiveCfg = Release|Any CPU
		{5454DD98-A7A7-4EC0-B837-363BDD9B3DE9}.Release|Any CPU.Build.0 = Release|Any CPU
		{33EC9D24-403F-4BDA-91E5-C87942015CAB}.Debug|Any CPU.ActiveCfg = Debug|Any CPU
		{33EC9D24-403F-4BDA-91E5-C87942015CAB}.Debug|Any CPU.Build.0 = Debug|Any CPU
		{33EC9D24-403F-4BDA-91E5-C87942015CAB}.Release|Any CPU.ActiveCfg = Release|Any CPU
		{33EC9D24-403F-4BDA-91E5-C87942015CAB}.Release|Any CPU.Build.0 = Release|Any CPU
		{229FFBDE-201F-4C74-B723-A95A3FAF01F3}.Debug|Any CPU.ActiveCfg = Debug|Any CPU
		{229FFBDE-201F-4C74-B723-A95A3FAF01F3}.Debug|Any CPU.Build.0 = Debug|Any CPU
		{229FFBDE-201F-4C74-B723-A95A3FAF01F3}.Release|Any CPU.ActiveCfg = Release|Any CPU
		{229FFBDE-201F-4C74-B723-A95A3FAF01F3}.Release|Any CPU.Build.0 = Release|Any CPU
		{F9FF4700-BEE2-4FFE-BCFB-7615E8CEA68B}.Debug|Any CPU.ActiveCfg = Debug|Any CPU
		{F9FF4700-BEE2-4FFE-BCFB-7615E8CEA68B}.Debug|Any CPU.Build.0 = Debug|Any CPU
		{F9FF4700-BEE2-4FFE-BCFB-7615E8CEA68B}.Release|Any CPU.ActiveCfg = Release|Any CPU
		{F9FF4700-BEE2-4FFE-BCFB-7615E8CEA68B}.Release|Any CPU.Build.0 = Release|Any CPU
		{6D58D8A7-69D7-4AEB-BC74-D477136091B3}.Debug|Any CPU.ActiveCfg = Debug|Any CPU
		{6D58D8A7-69D7-4AEB-BC74-D477136091B3}.Debug|Any CPU.Build.0 = Debug|Any CPU
		{6D58D8A7-69D7-4AEB-BC74-D477136091B3}.Release|Any CPU.ActiveCfg = Release|Any CPU
		{6D58D8A7-69D7-4AEB-BC74-D477136091B3}.Release|Any CPU.Build.0 = Release|Any CPU
		{76306C93-6270-43A2-B165-17DBB36DE4C2}.Debug|Any CPU.ActiveCfg = Debug|Any CPU
		{76306C93-6270-43A2-B165-17DBB36DE4C2}.Debug|Any CPU.Build.0 = Debug|Any CPU
		{76306C93-6270-43A2-B165-17DBB36DE4C2}.Release|Any CPU.ActiveCfg = Release|Any CPU
		{76306C93-6270-43A2-B165-17DBB36DE4C2}.Release|Any CPU.Build.0 = Release|Any CPU
		{52B8D171-591A-4A95-A5EB-A9BB87C0A487}.Debug|Any CPU.ActiveCfg = Debug|Any CPU
		{52B8D171-591A-4A95-A5EB-A9BB87C0A487}.Debug|Any CPU.Build.0 = Debug|Any CPU
		{52B8D171-591A-4A95-A5EB-A9BB87C0A487}.Release|Any CPU.ActiveCfg = Release|Any CPU
		{52B8D171-591A-4A95-A5EB-A9BB87C0A487}.Release|Any CPU.Build.0 = Release|Any CPU
		{73F3BB55-5ABE-43DB-A8D6-3205E608072D}.Debug|Any CPU.ActiveCfg = Debug|Any CPU
		{73F3BB55-5ABE-43DB-A8D6-3205E608072D}.Debug|Any CPU.Build.0 = Debug|Any CPU
		{73F3BB55-5ABE-43DB-A8D6-3205E608072D}.Release|Any CPU.ActiveCfg = Release|Any CPU
		{73F3BB55-5ABE-43DB-A8D6-3205E608072D}.Release|Any CPU.Build.0 = Release|Any CPU
		{5260C1C7-D29D-417D-A25A-FFBBF267639D}.Debug|Any CPU.ActiveCfg = Debug|Any CPU
		{5260C1C7-D29D-417D-A25A-FFBBF267639D}.Debug|Any CPU.Build.0 = Debug|Any CPU
		{5260C1C7-D29D-417D-A25A-FFBBF267639D}.Release|Any CPU.ActiveCfg = Release|Any CPU
		{5260C1C7-D29D-417D-A25A-FFBBF267639D}.Release|Any CPU.Build.0 = Release|Any CPU
		{7ED80DB3-339B-40A6-AAA1-C23CA980CC8E}.Debug|Any CPU.ActiveCfg = Debug|Any CPU
		{7ED80DB3-339B-40A6-AAA1-C23CA980CC8E}.Debug|Any CPU.Build.0 = Debug|Any CPU
		{7ED80DB3-339B-40A6-AAA1-C23CA980CC8E}.Release|Any CPU.ActiveCfg = Release|Any CPU
		{7ED80DB3-339B-40A6-AAA1-C23CA980CC8E}.Release|Any CPU.Build.0 = Release|Any CPU
		{516C9F95-394B-413F-AEDA-A5E532BFF710}.Debug|Any CPU.ActiveCfg = Debug|Any CPU
		{516C9F95-394B-413F-AEDA-A5E532BFF710}.Debug|Any CPU.Build.0 = Debug|Any CPU
		{516C9F95-394B-413F-AEDA-A5E532BFF710}.Release|Any CPU.ActiveCfg = Release|Any CPU
		{516C9F95-394B-413F-AEDA-A5E532BFF710}.Release|Any CPU.Build.0 = Release|Any CPU
		{BA279850-2B59-4F43-93DC-E853EC6EE5CA}.Debug|Any CPU.ActiveCfg = Debug|Any CPU
		{BA279850-2B59-4F43-93DC-E853EC6EE5CA}.Debug|Any CPU.Build.0 = Debug|Any CPU
		{BA279850-2B59-4F43-93DC-E853EC6EE5CA}.Release|Any CPU.ActiveCfg = Release|Any CPU
		{BA279850-2B59-4F43-93DC-E853EC6EE5CA}.Release|Any CPU.Build.0 = Release|Any CPU
		{124C9E20-C12F-4100-9729-D6FDD2EDA0A9}.Debug|Any CPU.ActiveCfg = Debug|Any CPU
		{124C9E20-C12F-4100-9729-D6FDD2EDA0A9}.Debug|Any CPU.Build.0 = Debug|Any CPU
		{124C9E20-C12F-4100-9729-D6FDD2EDA0A9}.Release|Any CPU.ActiveCfg = Release|Any CPU
		{124C9E20-C12F-4100-9729-D6FDD2EDA0A9}.Release|Any CPU.Build.0 = Release|Any CPU
		{CEA3143C-0F6E-4058-91F3-7A84B29D80C2}.Debug|Any CPU.ActiveCfg = Debug|Any CPU
		{CEA3143C-0F6E-4058-91F3-7A84B29D80C2}.Debug|Any CPU.Build.0 = Debug|Any CPU
		{CEA3143C-0F6E-4058-91F3-7A84B29D80C2}.Release|Any CPU.ActiveCfg = Release|Any CPU
		{CEA3143C-0F6E-4058-91F3-7A84B29D80C2}.Release|Any CPU.Build.0 = Release|Any CPU
		{C5D9C2B6-1646-43C0-BC2C-0725CAC76074}.Debug|Any CPU.ActiveCfg = Debug|Any CPU
		{C5D9C2B6-1646-43C0-BC2C-0725CAC76074}.Debug|Any CPU.Build.0 = Debug|Any CPU
		{C5D9C2B6-1646-43C0-BC2C-0725CAC76074}.Release|Any CPU.ActiveCfg = Release|Any CPU
		{C5D9C2B6-1646-43C0-BC2C-0725CAC76074}.Release|Any CPU.Build.0 = Release|Any CPU
		{59191A4F-4C37-4A92-9389-176EDE91B27B}.Debug|Any CPU.ActiveCfg = Debug|Any CPU
		{59191A4F-4C37-4A92-9389-176EDE91B27B}.Debug|Any CPU.Build.0 = Debug|Any CPU
		{59191A4F-4C37-4A92-9389-176EDE91B27B}.Release|Any CPU.ActiveCfg = Release|Any CPU
		{59191A4F-4C37-4A92-9389-176EDE91B27B}.Release|Any CPU.Build.0 = Release|Any CPU
		{DE461354-C3D4-4193-A338-4423AE07D142}.Debug|Any CPU.ActiveCfg = Debug|Any CPU
		{DE461354-C3D4-4193-A338-4423AE07D142}.Debug|Any CPU.Build.0 = Debug|Any CPU
		{DE461354-C3D4-4193-A338-4423AE07D142}.Release|Any CPU.ActiveCfg = Release|Any CPU
		{DE461354-C3D4-4193-A338-4423AE07D142}.Release|Any CPU.Build.0 = Release|Any CPU
		{1046A28D-76D5-4CC7-86F6-875518F4D181}.Debug|Any CPU.ActiveCfg = Debug|Any CPU
		{1046A28D-76D5-4CC7-86F6-875518F4D181}.Debug|Any CPU.Build.0 = Debug|Any CPU
		{1046A28D-76D5-4CC7-86F6-875518F4D181}.Release|Any CPU.ActiveCfg = Release|Any CPU
		{1046A28D-76D5-4CC7-86F6-875518F4D181}.Release|Any CPU.Build.0 = Release|Any CPU
	EndGlobalSection
	GlobalSection(SolutionProperties) = preSolution
		HideSolutionNode = FALSE
	EndGlobalSection
	GlobalSection(NestedProjects) = preSolution
		{053F5575-82C5-400D-9CF0-B1EDE4F88A0E} = {6AAAFAC5-AABD-4955-A6A1-7B82F22418EC}
		{CBD5BD13-9C15-4147-9B6D-A7A00101462A} = {6AAAFAC5-AABD-4955-A6A1-7B82F22418EC}
		{5454DD98-A7A7-4EC0-B837-363BDD9B3DE9} = {6AAAFAC5-AABD-4955-A6A1-7B82F22418EC}
		{33EC9D24-403F-4BDA-91E5-C87942015CAB} = {6AAAFAC5-AABD-4955-A6A1-7B82F22418EC}
		{229FFBDE-201F-4C74-B723-A95A3FAF01F3} = {6AAAFAC5-AABD-4955-A6A1-7B82F22418EC}
		{F9FF4700-BEE2-4FFE-BCFB-7615E8CEA68B} = {469A345E-05FB-425E-9E86-71C08481D5C9}
		{6D58D8A7-69D7-4AEB-BC74-D477136091B3} = {6AAAFAC5-AABD-4955-A6A1-7B82F22418EC}
		{76306C93-6270-43A2-B165-17DBB36DE4C2} = {6AAAFAC5-AABD-4955-A6A1-7B82F22418EC}
		{52B8D171-591A-4A95-A5EB-A9BB87C0A487} = {6AAAFAC5-AABD-4955-A6A1-7B82F22418EC}
		{73F3BB55-5ABE-43DB-A8D6-3205E608072D} = {469A345E-05FB-425E-9E86-71C08481D5C9}
		{5260C1C7-D29D-417D-A25A-FFBBF267639D} = {6AAAFAC5-AABD-4955-A6A1-7B82F22418EC}
		{7ED80DB3-339B-40A6-AAA1-C23CA980CC8E} = {77ED1D81-18A2-4ABD-BF5F-D68F5F2575ED}
		{516C9F95-394B-413F-AEDA-A5E532BFF710} = {469A345E-05FB-425E-9E86-71C08481D5C9}
		{BA279850-2B59-4F43-93DC-E853EC6EE5CA} = {6AAAFAC5-AABD-4955-A6A1-7B82F22418EC}
		{124C9E20-C12F-4100-9729-D6FDD2EDA0A9} = {6AAAFAC5-AABD-4955-A6A1-7B82F22418EC}
		{CEA3143C-0F6E-4058-91F3-7A84B29D80C2} = {6AAAFAC5-AABD-4955-A6A1-7B82F22418EC}
		{C5D9C2B6-1646-43C0-BC2C-0725CAC76074} = {77ED1D81-18A2-4ABD-BF5F-D68F5F2575ED}
		{59191A4F-4C37-4A92-9389-176EDE91B27B} = {6AAAFAC5-AABD-4955-A6A1-7B82F22418EC}
		{DE461354-C3D4-4193-A338-4423AE07D142} = {6AAAFAC5-AABD-4955-A6A1-7B82F22418EC}
		{1046A28D-76D5-4CC7-86F6-875518F4D181} = {6AAAFAC5-AABD-4955-A6A1-7B82F22418EC}
	EndGlobalSection
	GlobalSection(ExtensibilityGlobals) = postSolution
		SolutionGuid = {7369E626-266E-4F4E-AB90-9458FD88D021}
	EndGlobalSection
EndGlobal
