
Microsoft Visual Studio Solution File, Format Version 12.00
# Visual Studio Version 17
VisualStudioVersion = 17.4.33110.190
MinimumVisualStudioVersion = 10.0.40219.1
Project("{9A19103F-16F7-4668-BE54-9A1E7A4F7556}") = "00Test", "00Test\00Test.csproj", "{053F5575-82C5-400D-9CF0-B1EDE4F88A0E}"
EndProject
Project("{9A19103F-16F7-4668-BE54-9A1E7A4F7556}") = "01NullableDatatypes", "01NullableDatatypes\01NullableDatatypes.csproj", "{CBD5BD13-9C15-4147-9B6D-A7A00101462A}"
EndProject
Project("{9A19103F-16F7-4668-BE54-9A1E7A4F7556}") = "02CallByValueAndCallByReference", "02CallByValueAndCallByReference\02CallByValueAndCallByReference.csproj", "{5454DD98-A7A7-4EC0-B837-363BDD9B3DE9}"
EndProject
Project("{9A19103F-16F7-4668-BE54-9A1E7A4F7556}") = "03TryParse", "03TryParse\03TryParse.csproj", "{33EC9D24-403F-4BDA-91E5-C87942015CAB}"
EndProject
Project("{9A19103F-16F7-4668-BE54-9A1E7A4F7556}") = "04Enums", "04Enums\04Enums.csproj", "{229FFBDE-201F-4C74-B723-A95A3FAF01F3}"
EndProject
Project("{2150E333-8FDC-42A3-9474-1A3956D46DE8}") = "Schulübung", "Schulübung", "{6AAAFAC5-AABD-4955-A6A1-7B82F22418EC}"
EndProject
Project("{2150E333-8FDC-42A3-9474-1A3956D46DE8}") = "Hausübung", "Hausübung", "{469A345E-05FB-425E-9E86-71C08481D5C9}"
EndProject
Project("{9A19103F-16F7-4668-BE54-9A1E7A4F7556}") = "HUE01", "HUE01\HUE01.csproj", "{F9FF4700-BEE2-4FFE-BCFB-7615E8CEA68B}"
EndProject
Project("{9A19103F-16F7-4668-BE54-9A1E7A4F7556}") = "05Delegates", "05Delegates\05Delegates.csproj", "{6D58D8A7-69D7-4AEB-BC74-D477136091B3}"
EndProject
Project("{9A19103F-16F7-4668-BE54-9A1E7A4F7556}") = "06Calculator", "06Calculator\06Calculator.csproj", "{76306C93-6270-43A2-B165-17DBB36DE4C2}"
EndProject
Project("{9A19103F-16F7-4668-BE54-9A1E7A4F7556}") = "07Events", "07Events\07Events.csproj", "{52B8D171-591A-4A95-A5EB-A9BB87C0A487}"
EndProject
Project("{9A19103F-16F7-4668-BE54-9A1E7A4F7556}") = "08FuncAction", "08FuncAction\08FuncAction.csproj", "{BCF16E31-8CAB-42A0-822F-5E51908ABECF}"
EndProject
Project("{9A19103F-16F7-4668-BE54-9A1E7A4F7556}") = "09LambdaExpressions", "09LambdaExpressions\09LambdaExpressions.csproj", "{AC7E21DF-3638-42F1-B035-CA0831E14041}"
EndProject
Project("{9A19103F-16F7-4668-BE54-9A1E7A4F7556}") = "10TimerEventWithLambda", "10TimerEventWithLambda\10TimerEventWithLambda.csproj", "{C9331050-DE62-4FBA-830D-08CA1B0FB23F}"
EndProject
Project("{9A19103F-16F7-4668-BE54-9A1E7A4F7556}") = "00DateTime", "00DateTime\00DateTime.csproj", "{E5D0F0B3-4AF2-434C-A9A5-F721F4B7D052}"
EndProject
Project("{2150E333-8FDC-42A3-9474-1A3956D46DE8}") = "Test", "Test", "{2242B588-5A00-4994-97F8-300067ECCE1B}"
EndProject
Project("{9A19103F-16F7-4668-BE54-9A1E7A4F7556}") = "1.1Vollmond", "1.1Vollmond\1.1Vollmond.csproj", "{F7038499-F1FE-465D-883C-3B755B9D1DE8}"
EndProject
Project("{9A19103F-16F7-4668-BE54-9A1E7A4F7556}") = "1.2LastNameChanged", "1.2LastNameChanged\1.2LastNameChanged.csproj", "{D1797897-6D23-48B2-9F91-E82365445A06}"
EndProject
Project("{9A19103F-16F7-4668-BE54-9A1E7A4F7556}") = "11Interfaces", "11Interfaces\11Interfaces.csproj", "{06ADD2F5-0753-4801-9639-7932A592FC14}"
EndProject
Project("{9A19103F-16F7-4668-BE54-9A1E7A4F7556}") = "12IComparable", "12ICompareable\12IComparable.csproj", "{D412A97F-A74B-475A-86E9-BABDE704E1BD}"
EndProject
Project("{9A19103F-16F7-4668-BE54-9A1E7A4F7556}") = "13DownloadClient", "13DownloadClient\13DownloadClient.csproj", "{FBCE655E-7FD1-49B3-9A63-6E833598D448}"
EndProject
Project("{FAE04EC0-301F-11D3-BF4B-00C04F79EFBC}") = "HUE02", "HUE02\HUE02.csproj", "{E7A447A0-9169-441A-9944-7F0C847F38B2}"
EndProject
Global
	GlobalSection(SolutionConfigurationPlatforms) = preSolution
		Debug|Any CPU = Debug|Any CPU
		Release|Any CPU = Release|Any CPU
	EndGlobalSection
	GlobalSection(ProjectConfigurationPlatforms) = postSolution
		{053F5575-82C5-400D-9CF0-B1EDE4F88A0E}.Debug|Any CPU.ActiveCfg = Debug|Any CPU
		{053F5575-82C5-400D-9CF0-B1EDE4F88A0E}.Debug|Any CPU.Build.0 = Debug|Any CPU
		{053F5575-82C5-400D-9CF0-B1EDE4F88A0E}.Release|Any CPU.ActiveCfg = Release|Any CPU
		{053F5575-82C5-400D-9CF0-B1EDE4F88A0E}.Release|Any CPU.Build.0 = Release|Any CPU
		{CBD5BD13-9C15-4147-9B6D-A7A00101462A}.Debug|Any CPU.ActiveCfg = Debug|Any CPU
		{CBD5BD13-9C15-4147-9B6D-A7A00101462A}.Debug|Any CPU.Build.0 = Debug|Any CPU
		{CBD5BD13-9C15-4147-9B6D-A7A00101462A}.Release|Any CPU.ActiveCfg = Release|Any CPU
		{CBD5BD13-9C15-4147-9B6D-A7A00101462A}.Release|Any CPU.Build.0 = Release|Any CPU
		{5454DD98-A7A7-4EC0-B837-363BDD9B3DE9}.Debug|Any CPU.ActiveCfg = Debug|Any CPU
		{5454DD98-A7A7-4EC0-B837-363BDD9B3DE9}.Debug|Any CPU.Build.0 = Debug|Any CPU
		{5454DD98-A7A7-4EC0-B837-363BDD9B3DE9}.Release|Any CPU.ActiveCfg = Release|Any CPU
		{5454DD98-A7A7-4EC0-B837-363BDD9B3DE9}.Release|Any CPU.Build.0 = Release|Any CPU
		{33EC9D24-403F-4BDA-91E5-C87942015CAB}.Debug|Any CPU.ActiveCfg = Debug|Any CPU
		{33EC9D24-403F-4BDA-91E5-C87942015CAB}.Debug|Any CPU.Build.0 = Debug|Any CPU
		{33EC9D24-403F-4BDA-91E5-C87942015CAB}.Release|Any CPU.ActiveCfg = Release|Any CPU
		{33EC9D24-403F-4BDA-91E5-C87942015CAB}.Release|Any CPU.Build.0 = Release|Any CPU
		{229FFBDE-201F-4C74-B723-A95A3FAF01F3}.Debug|Any CPU.ActiveCfg = Debug|Any CPU
		{229FFBDE-201F-4C74-B723-A95A3FAF01F3}.Debug|Any CPU.Build.0 = Debug|Any CPU
		{229FFBDE-201F-4C74-B723-A95A3FAF01F3}.Release|Any CPU.ActiveCfg = Release|Any CPU
		{229FFBDE-201F-4C74-B723-A95A3FAF01F3}.Release|Any CPU.Build.0 = Release|Any CPU
		{F9FF4700-BEE2-4FFE-BCFB-7615E8CEA68B}.Debug|Any CPU.ActiveCfg = Debug|Any CPU
		{F9FF4700-BEE2-4FFE-BCFB-7615E8CEA68B}.Debug|Any CPU.Build.0 = Debug|Any CPU
		{F9FF4700-BEE2-4FFE-BCFB-7615E8CEA68B}.Release|Any CPU.ActiveCfg = Release|Any CPU
		{F9FF4700-BEE2-4FFE-BCFB-7615E8CEA68B}.Release|Any CPU.Build.0 = Release|Any CPU
		{6D58D8A7-69D7-4AEB-BC74-D477136091B3}.Debug|Any CPU.ActiveCfg = Debug|Any CPU
		{6D58D8A7-69D7-4AEB-BC74-D477136091B3}.Debug|Any CPU.Build.0 = Debug|Any CPU
		{6D58D8A7-69D7-4AEB-BC74-D477136091B3}.Release|Any CPU.ActiveCfg = Release|Any CPU
		{6D58D8A7-69D7-4AEB-BC74-D477136091B3}.Release|Any CPU.Build.0 = Release|Any CPU
		{76306C93-6270-43A2-B165-17DBB36DE4C2}.Debug|Any CPU.ActiveCfg = Debug|Any CPU
		{76306C93-6270-43A2-B165-17DBB36DE4C2}.Debug|Any CPU.Build.0 = Debug|Any CPU
		{76306C93-6270-43A2-B165-17DBB36DE4C2}.Release|Any CPU.ActiveCfg = Release|Any CPU
		{76306C93-6270-43A2-B165-17DBB36DE4C2}.Release|Any CPU.Build.0 = Release|Any CPU
		{52B8D171-591A-4A95-A5EB-A9BB87C0A487}.Debug|Any CPU.ActiveCfg = Debug|Any CPU
		{52B8D171-591A-4A95-A5EB-A9BB87C0A487}.Debug|Any CPU.Build.0 = Debug|Any CPU
		{52B8D171-591A-4A95-A5EB-A9BB87C0A487}.Release|Any CPU.ActiveCfg = Release|Any CPU
		{52B8D171-591A-4A95-A5EB-A9BB87C0A487}.Release|Any CPU.Build.0 = Release|Any CPU
		{BCF16E31-8CAB-42A0-822F-5E51908ABECF}.Debug|Any CPU.ActiveCfg = Debug|Any CPU
		{BCF16E31-8CAB-42A0-822F-5E51908ABECF}.Debug|Any CPU.Build.0 = Debug|Any CPU
		{BCF16E31-8CAB-42A0-822F-5E51908ABECF}.Release|Any CPU.ActiveCfg = Release|Any CPU
		{BCF16E31-8CAB-42A0-822F-5E51908ABECF}.Release|Any CPU.Build.0 = Release|Any CPU
		{AC7E21DF-3638-42F1-B035-CA0831E14041}.Debug|Any CPU.ActiveCfg = Debug|Any CPU
		{AC7E21DF-3638-42F1-B035-CA0831E14041}.Debug|Any CPU.Build.0 = Debug|Any CPU
		{AC7E21DF-3638-42F1-B035-CA0831E14041}.Release|Any CPU.ActiveCfg = Release|Any CPU
		{AC7E21DF-3638-42F1-B035-CA0831E14041}.Release|Any CPU.Build.0 = Release|Any CPU
		{C9331050-DE62-4FBA-830D-08CA1B0FB23F}.Debug|Any CPU.ActiveCfg = Debug|Any CPU
		{C9331050-DE62-4FBA-830D-08CA1B0FB23F}.Debug|Any CPU.Build.0 = Debug|Any CPU
		{C9331050-DE62-4FBA-830D-08CA1B0FB23F}.Release|Any CPU.ActiveCfg = Release|Any CPU
		{C9331050-DE62-4FBA-830D-08CA1B0FB23F}.Release|Any CPU.Build.0 = Release|Any CPU
		{E5D0F0B3-4AF2-434C-A9A5-F721F4B7D052}.Debug|Any CPU.ActiveCfg = Debug|Any CPU
		{E5D0F0B3-4AF2-434C-A9A5-F721F4B7D052}.Debug|Any CPU.Build.0 = Debug|Any CPU
		{E5D0F0B3-4AF2-434C-A9A5-F721F4B7D052}.Release|Any CPU.ActiveCfg = Release|Any CPU
		{E5D0F0B3-4AF2-434C-A9A5-F721F4B7D052}.Release|Any CPU.Build.0 = Release|Any CPU
		{F7038499-F1FE-465D-883C-3B755B9D1DE8}.Debug|Any CPU.ActiveCfg = Debug|Any CPU
		{F7038499-F1FE-465D-883C-3B755B9D1DE8}.Debug|Any CPU.Build.0 = Debug|Any CPU
		{F7038499-F1FE-465D-883C-3B755B9D1DE8}.Release|Any CPU.ActiveCfg = Release|Any CPU
		{F7038499-F1FE-465D-883C-3B755B9D1DE8}.Release|Any CPU.Build.0 = Release|Any CPU
		{D1797897-6D23-48B2-9F91-E82365445A06}.Debug|Any CPU.ActiveCfg = Debug|Any CPU
		{D1797897-6D23-48B2-9F91-E82365445A06}.Debug|Any CPU.Build.0 = Debug|Any CPU
		{D1797897-6D23-48B2-9F91-E82365445A06}.Release|Any CPU.ActiveCfg = Release|Any CPU
		{D1797897-6D23-48B2-9F91-E82365445A06}.Release|Any CPU.Build.0 = Release|Any CPU
		{06ADD2F5-0753-4801-9639-7932A592FC14}.Debug|Any CPU.ActiveCfg = Debug|Any CPU
		{06ADD2F5-0753-4801-9639-7932A592FC14}.Debug|Any CPU.Build.0 = Debug|Any CPU
		{06ADD2F5-0753-4801-9639-7932A592FC14}.Release|Any CPU.ActiveCfg = Release|Any CPU
		{06ADD2F5-0753-4801-9639-7932A592FC14}.Release|Any CPU.Build.0 = Release|Any CPU
		{D412A97F-A74B-475A-86E9-BABDE704E1BD}.Debug|Any CPU.ActiveCfg = Debug|Any CPU
		{D412A97F-A74B-475A-86E9-BABDE704E1BD}.Debug|Any CPU.Build.0 = Debug|Any CPU
		{D412A97F-A74B-475A-86E9-BABDE704E1BD}.Release|Any CPU.ActiveCfg = Release|Any CPU
		{D412A97F-A74B-475A-86E9-BABDE704E1BD}.Release|Any CPU.Build.0 = Release|Any CPU
		{FBCE655E-7FD1-49B3-9A63-6E833598D448}.Debug|Any CPU.ActiveCfg = Debug|Any CPU
		{FBCE655E-7FD1-49B3-9A63-6E833598D448}.Debug|Any CPU.Build.0 = Debug|Any CPU
		{FBCE655E-7FD1-49B3-9A63-6E833598D448}.Release|Any CPU.ActiveCfg = Release|Any CPU
		{FBCE655E-7FD1-49B3-9A63-6E833598D448}.Release|Any CPU.Build.0 = Release|Any CPU
		{E7A447A0-9169-441A-9944-7F0C847F38B2}.Debug|Any CPU.ActiveCfg = Debug|Any CPU
		{E7A447A0-9169-441A-9944-7F0C847F38B2}.Debug|Any CPU.Build.0 = Debug|Any CPU
		{E7A447A0-9169-441A-9944-7F0C847F38B2}.Release|Any CPU.ActiveCfg = Release|Any CPU
		{E7A447A0-9169-441A-9944-7F0C847F38B2}.Release|Any CPU.Build.0 = Release|Any CPU
	EndGlobalSection
	GlobalSection(SolutionProperties) = preSolution
		HideSolutionNode = FALSE
	EndGlobalSection
	GlobalSection(NestedProjects) = preSolution
		{053F5575-82C5-400D-9CF0-B1EDE4F88A0E} = {6AAAFAC5-AABD-4955-A6A1-7B82F22418EC}
		{CBD5BD13-9C15-4147-9B6D-A7A00101462A} = {6AAAFAC5-AABD-4955-A6A1-7B82F22418EC}
		{5454DD98-A7A7-4EC0-B837-363BDD9B3DE9} = {6AAAFAC5-AABD-4955-A6A1-7B82F22418EC}
		{33EC9D24-403F-4BDA-91E5-C87942015CAB} = {6AAAFAC5-AABD-4955-A6A1-7B82F22418EC}
		{229FFBDE-201F-4C74-B723-A95A3FAF01F3} = {6AAAFAC5-AABD-4955-A6A1-7B82F22418EC}
		{F9FF4700-BEE2-4FFE-BCFB-7615E8CEA68B} = {469A345E-05FB-425E-9E86-71C08481D5C9}
		{6D58D8A7-69D7-4AEB-BC74-D477136091B3} = {6AAAFAC5-AABD-4955-A6A1-7B82F22418EC}
		{76306C93-6270-43A2-B165-17DBB36DE4C2} = {6AAAFAC5-AABD-4955-A6A1-7B82F22418EC}
		{52B8D171-591A-4A95-A5EB-A9BB87C0A487} = {6AAAFAC5-AABD-4955-A6A1-7B82F22418EC}
		{BCF16E31-8CAB-42A0-822F-5E51908ABECF} = {6AAAFAC5-AABD-4955-A6A1-7B82F22418EC}
		{AC7E21DF-3638-42F1-B035-CA0831E14041} = {6AAAFAC5-AABD-4955-A6A1-7B82F22418EC}
		{C9331050-DE62-4FBA-830D-08CA1B0FB23F} = {6AAAFAC5-AABD-4955-A6A1-7B82F22418EC}
		{E5D0F0B3-4AF2-434C-A9A5-F721F4B7D052} = {6AAAFAC5-AABD-4955-A6A1-7B82F22418EC}
		{F7038499-F1FE-465D-883C-3B755B9D1DE8} = {2242B588-5A00-4994-97F8-300067ECCE1B}
		{D1797897-6D23-48B2-9F91-E82365445A06} = {2242B588-5A00-4994-97F8-300067ECCE1B}
		{06ADD2F5-0753-4801-9639-7932A592FC14} = {6AAAFAC5-AABD-4955-A6A1-7B82F22418EC}
		{D412A97F-A74B-475A-86E9-BABDE704E1BD} = {6AAAFAC5-AABD-4955-A6A1-7B82F22418EC}
		{FBCE655E-7FD1-49B3-9A63-6E833598D448} = {6AAAFAC5-AABD-4955-A6A1-7B82F22418EC}
		{E7A447A0-9169-441A-9944-7F0C847F38B2} = {469A345E-05FB-425E-9E86-71C08481D5C9}
	EndGlobalSection
	GlobalSection(ExtensibilityGlobals) = postSolution
		SolutionGuid = {7369E626-266E-4F4E-AB90-9458FD88D021}
	EndGlobalSection
EndGlobal
