
Microsoft Visual Studio Solution File, Format Version 12.00
# Visual Studio Version 17
VisualStudioVersion = 17.5.33627.172
MinimumVisualStudioVersion = 10.0.40219.1
Project("{9A19103F-16F7-4668-BE54-9A1E7A4F7556}") = "23WebApplicationWithAuthentifactionPages", "..\SEW4\23WebApplicationWithAuthentifactionPages\23WebApplicationWithAuthentifactionPages.csproj", "{BAB032D9-06B0-42B6-BCE7-150DD1E70CB0}"
EndProject
Global
	GlobalSection(SolutionConfigurationPlatforms) = preSolution
		Debug|Any CPU = Debug|Any CPU
		Release|Any CPU = Release|Any CPU
	EndGlobalSection
	GlobalSection(ProjectConfigurationPlatforms) = postSolution
		{BAB032D9-06B0-42B6-BCE7-150DD1E70CB0}.Debug|Any CPU.ActiveCfg = Debug|Any CPU
		{BAB032D9-06B0-42B6-BCE7-150DD1E70CB0}.Debug|Any CPU.Build.0 = Debug|Any CPU
		{BAB032D9-06B0-42B6-BCE7-150DD1E70CB0}.Release|Any CPU.ActiveCfg = Release|Any CPU
		{BAB032D9-06B0-42B6-BCE7-150DD1E70CB0}.Release|Any CPU.Build.0 = Release|Any CPU
	EndGlobalSection
	GlobalSection(SolutionProperties) = preSolution
		HideSolutionNode = FALSE
	EndGlobalSection
	GlobalSection(ExtensibilityGlobals) = postSolution
		SolutionGuid = {07CDE6E1-D788-4949-A87E-02A9915187CD}
	EndGlobalSection
EndGlobal
